
Microsoft Visual Studio Solution File, Format Version 12.00
# Visual Studio Version 17
VisualStudioVersion = 17.3.32804.467
MinimumVisualStudioVersion = 10.0.40219.1
Project("{FAE04EC0-301F-11D3-BF4B-00C04F79EFBC}") = "Jenkins", "Jenkins\Jenkins.csproj", "{B89FA73A-C23F-47E4-A62A-1015E6E9FD14}"
EndProject
Project("{FAE04EC0-301F-11D3-BF4B-00C04F79EFBC}") = "TestProject1", "TestProject1\TestProject1.csproj", "{574550DA-586B-46E3-AEE4-D62863108F57}"
EndProject
Global
	GlobalSection(SolutionConfigurationPlatforms) = preSolution
		Debug|Any CPU = Debug|Any CPU
		Release|Any CPU = Release|Any CPU
	EndGlobalSection
	GlobalSection(ProjectConfigurationPlatforms) = postSolution
		{B89FA73A-C23F-47E4-A62A-1015E6E9FD14}.Debug|Any CPU.ActiveCfg = Debug|Any CPU
		{B89FA73A-C23F-47E4-A62A-1015E6E9FD14}.Debug|Any CPU.Build.0 = Debug|Any CPU
		{B89FA73A-C23F-47E4-A62A-1015E6E9FD14}.Release|Any CPU.ActiveCfg = Release|Any CPU
		{B89FA73A-C23F-47E4-A62A-1015E6E9FD14}.Release|Any CPU.Build.0 = Release|Any CPU
		{574550DA-586B-46E3-AEE4-D62863108F57}.Debug|Any CPU.ActiveCfg = Debug|Any CPU
		{574550DA-586B-46E3-AEE4-D62863108F57}.Debug|Any CPU.Build.0 = Debug|Any CPU
		{574550DA-586B-46E3-AEE4-D62863108F57}.Release|Any CPU.ActiveCfg = Release|Any CPU
		{574550DA-586B-46E3-AEE4-D62863108F57}.Release|Any CPU.Build.0 = Release|Any CPU
	EndGlobalSection
	GlobalSection(SolutionProperties) = preSolution
		HideSolutionNode = FALSE
	EndGlobalSection
	GlobalSection(ExtensibilityGlobals) = postSolution
		SolutionGuid = {BC25F579-15E7-4422-BEBB-D3A28C8A677F}
	EndGlobalSection
EndGlobal
